// !$*UTF8*$!
{
	archiveVersion = 1;
	classes = {
	};
	objectVersion = 46;
	objects = {

/* Begin PBXBuildFile section */
		18FE86691D127B60007AEF6C /* AppDelegate.swift in Sources */ = {isa = PBXBuildFile; fileRef = 18FE86681D127B60007AEF6C /* AppDelegate.swift */; };
		18FE866E1D127B60007AEF6C /* Main.storyboard in Resources */ = {isa = PBXBuildFile; fileRef = 18FE866C1D127B60007AEF6C /* Main.storyboard */; };
		18FE86701D127B60007AEF6C /* Assets.xcassets in Resources */ = {isa = PBXBuildFile; fileRef = 18FE866F1D127B60007AEF6C /* Assets.xcassets */; };
		18FE86731D127B60007AEF6C /* LaunchScreen.storyboard in Resources */ = {isa = PBXBuildFile; fileRef = 18FE86711D127B60007AEF6C /* LaunchScreen.storyboard */; };
		18FE867E1D127B61007AEF6C /* FakeKKTownTests.swift in Sources */ = {isa = PBXBuildFile; fileRef = 18FE867D1D127B61007AEF6C /* FakeKKTownTests.swift */; };
		18FE86891D127B61007AEF6C /* FakeKKTownUITests.swift in Sources */ = {isa = PBXBuildFile; fileRef = 18FE86881D127B61007AEF6C /* FakeKKTownUITests.swift */; };
		18FE869F1D127CEF007AEF6C /* CollectionCellProtocol.swift in Sources */ = {isa = PBXBuildFile; fileRef = 18FE869E1D127CEF007AEF6C /* CollectionCellProtocol.swift */; };
		18FE86A11D127CFA007AEF6C /* UIScrollView+Rx.swift in Sources */ = {isa = PBXBuildFile; fileRef = 18FE86A01D127CFA007AEF6C /* UIScrollView+Rx.swift */; };
		18FE86A51D127D0A007AEF6C /* Category.swift in Sources */ = {isa = PBXBuildFile; fileRef = 18FE86A41D127D0A007AEF6C /* Category.swift */; };
		18FE86A71D127D11007AEF6C /* Categories.json in Resources */ = {isa = PBXBuildFile; fileRef = 18FE86A61D127D11007AEF6C /* Categories.json */; };
		18FE86A91D127D4B007AEF6C /* TabListItem.swift in Sources */ = {isa = PBXBuildFile; fileRef = 18FE86A81D127D4B007AEF6C /* TabListItem.swift */; };
		18FE86AB1D127D52007AEF6C /* ProductsViewController.swift in Sources */ = {isa = PBXBuildFile; fileRef = 18FE86AA1D127D52007AEF6C /* ProductsViewController.swift */; };
		18FE86AE1D127D66007AEF6C /* CategoryService.swift in Sources */ = {isa = PBXBuildFile; fileRef = 18FE86AD1D127D66007AEF6C /* CategoryService.swift */; };
		18FE86B01D127DF4007AEF6C /* TabListItem.xib in Resources */ = {isa = PBXBuildFile; fileRef = 18FE86AF1D127DF4007AEF6C /* TabListItem.xib */; };
		18FE86B41D1281DB007AEF6C /* TabListViewModel.swift in Sources */ = {isa = PBXBuildFile; fileRef = 18FE86B31D1281DB007AEF6C /* TabListViewModel.swift */; };
		18FE86B91D1291B9007AEF6C /* StandardError.swift in Sources */ = {isa = PBXBuildFile; fileRef = 18FE86B81D1291B9007AEF6C /* StandardError.swift */; };
		192E7F14246596AC4F87B29A /* Pods_FakeKKTownTests.framework in Frameworks */ = {isa = PBXBuildFile; fileRef = 68B6CD7CCEBDB403E91C0222 /* Pods_FakeKKTownTests.framework */; };
		541A8F11C5D6EF98E0D82535 /* Pods_FakeKKTown.framework in Frameworks */ = {isa = PBXBuildFile; fileRef = 7CFDB3DF3DB05066E1ABFBB7 /* Pods_FakeKKTown.framework */; };
		F7C05E5813F874DE01EDFCB5 /* Pods_FakeKKTownUITests.framework in Frameworks */ = {isa = PBXBuildFile; fileRef = E10C78733FA19EC3AC4104AF /* Pods_FakeKKTownUITests.framework */; };
/* End PBXBuildFile section */

/* Begin PBXContainerItemProxy section */
		18FE867A1D127B61007AEF6C /* PBXContainerItemProxy */ = {
			isa = PBXContainerItemProxy;
			containerPortal = 18FE865D1D127B60007AEF6C /* Project object */;
			proxyType = 1;
			remoteGlobalIDString = 18FE86641D127B60007AEF6C;
			remoteInfo = FakeKKTown;
		};
		18FE86851D127B61007AEF6C /* PBXContainerItemProxy */ = {
			isa = PBXContainerItemProxy;
			containerPortal = 18FE865D1D127B60007AEF6C /* Project object */;
			proxyType = 1;
			remoteGlobalIDString = 18FE86641D127B60007AEF6C;
			remoteInfo = FakeKKTown;
		};
/* End PBXContainerItemProxy section */

/* Begin PBXFileReference section */
		18FE86651D127B60007AEF6C /* FakeKKTown.app */ = {isa = PBXFileReference; explicitFileType = wrapper.application; includeInIndex = 0; path = FakeKKTown.app; sourceTree = BUILT_PRODUCTS_DIR; };
		18FE86681D127B60007AEF6C /* AppDelegate.swift */ = {isa = PBXFileReference; lastKnownFileType = sourcecode.swift; path = AppDelegate.swift; sourceTree = "<group>"; };
		18FE866D1D127B60007AEF6C /* Base */ = {isa = PBXFileReference; lastKnownFileType = file.storyboard; name = Base; path = Base.lproj/Main.storyboard; sourceTree = "<group>"; };
		18FE866F1D127B60007AEF6C /* Assets.xcassets */ = {isa = PBXFileReference; lastKnownFileType = folder.assetcatalog; path = Assets.xcassets; sourceTree = "<group>"; };
		18FE86721D127B60007AEF6C /* Base */ = {isa = PBXFileReference; lastKnownFileType = file.storyboard; name = Base; path = Base.lproj/LaunchScreen.storyboard; sourceTree = "<group>"; };
		18FE86741D127B60007AEF6C /* Info.plist */ = {isa = PBXFileReference; lastKnownFileType = text.plist.xml; path = Info.plist; sourceTree = "<group>"; };
		18FE86791D127B61007AEF6C /* FakeKKTownTests.xctest */ = {isa = PBXFileReference; explicitFileType = wrapper.cfbundle; includeInIndex = 0; path = FakeKKTownTests.xctest; sourceTree = BUILT_PRODUCTS_DIR; };
		18FE867D1D127B61007AEF6C /* FakeKKTownTests.swift */ = {isa = PBXFileReference; lastKnownFileType = sourcecode.swift; path = FakeKKTownTests.swift; sourceTree = "<group>"; };
		18FE867F1D127B61007AEF6C /* Info.plist */ = {isa = PBXFileReference; lastKnownFileType = text.plist.xml; path = Info.plist; sourceTree = "<group>"; };
		18FE86841D127B61007AEF6C /* FakeKKTownUITests.xctest */ = {isa = PBXFileReference; explicitFileType = wrapper.cfbundle; includeInIndex = 0; path = FakeKKTownUITests.xctest; sourceTree = BUILT_PRODUCTS_DIR; };
		18FE86881D127B61007AEF6C /* FakeKKTownUITests.swift */ = {isa = PBXFileReference; lastKnownFileType = sourcecode.swift; path = FakeKKTownUITests.swift; sourceTree = "<group>"; };
		18FE868A1D127B61007AEF6C /* Info.plist */ = {isa = PBXFileReference; lastKnownFileType = text.plist.xml; path = Info.plist; sourceTree = "<group>"; };
		18FE869E1D127CEF007AEF6C /* CollectionCellProtocol.swift */ = {isa = PBXFileReference; fileEncoding = 4; lastKnownFileType = sourcecode.swift; path = CollectionCellProtocol.swift; sourceTree = "<group>"; };
		18FE86A01D127CFA007AEF6C /* UIScrollView+Rx.swift */ = {isa = PBXFileReference; fileEncoding = 4; lastKnownFileType = sourcecode.swift; path = "UIScrollView+Rx.swift"; sourceTree = "<group>"; };
		18FE86A41D127D0A007AEF6C /* Category.swift */ = {isa = PBXFileReference; fileEncoding = 4; lastKnownFileType = sourcecode.swift; path = Category.swift; sourceTree = "<group>"; };
		18FE86A61D127D11007AEF6C /* Categories.json */ = {isa = PBXFileReference; fileEncoding = 4; lastKnownFileType = text.json; path = Categories.json; sourceTree = "<group>"; };
		18FE86A81D127D4B007AEF6C /* TabListItem.swift */ = {isa = PBXFileReference; fileEncoding = 4; lastKnownFileType = sourcecode.swift; path = TabListItem.swift; sourceTree = "<group>"; };
		18FE86AA1D127D52007AEF6C /* ProductsViewController.swift */ = {isa = PBXFileReference; fileEncoding = 4; lastKnownFileType = sourcecode.swift; path = ProductsViewController.swift; sourceTree = "<group>"; };
		18FE86AD1D127D66007AEF6C /* CategoryService.swift */ = {isa = PBXFileReference; fileEncoding = 4; lastKnownFileType = sourcecode.swift; path = CategoryService.swift; sourceTree = "<group>"; };
		18FE86AF1D127DF4007AEF6C /* TabListItem.xib */ = {isa = PBXFileReference; fileEncoding = 4; lastKnownFileType = file.xib; path = TabListItem.xib; sourceTree = "<group>"; };
		18FE86B31D1281DB007AEF6C /* TabListViewModel.swift */ = {isa = PBXFileReference; fileEncoding = 4; lastKnownFileType = sourcecode.swift; path = TabListViewModel.swift; sourceTree = "<group>"; };
		18FE86B81D1291B9007AEF6C /* StandardError.swift */ = {isa = PBXFileReference; fileEncoding = 4; lastKnownFileType = sourcecode.swift; path = StandardError.swift; sourceTree = "<group>"; };
		54DF76335F62D3BEDD0634D6 /* Pods-FakeKKTownTests.debug.xcconfig */ = {isa = PBXFileReference; includeInIndex = 1; lastKnownFileType = text.xcconfig; name = "Pods-FakeKKTownTests.debug.xcconfig"; path = "Pods/Target Support Files/Pods-FakeKKTownTests/Pods-FakeKKTownTests.debug.xcconfig"; sourceTree = "<group>"; };
		68B6CD7CCEBDB403E91C0222 /* Pods_FakeKKTownTests.framework */ = {isa = PBXFileReference; explicitFileType = wrapper.framework; includeInIndex = 0; path = Pods_FakeKKTownTests.framework; sourceTree = BUILT_PRODUCTS_DIR; };
		796BCDF519E43C373E09E195 /* Pods-FakeKKTownUITests.release.xcconfig */ = {isa = PBXFileReference; includeInIndex = 1; lastKnownFileType = text.xcconfig; name = "Pods-FakeKKTownUITests.release.xcconfig"; path = "Pods/Target Support Files/Pods-FakeKKTownUITests/Pods-FakeKKTownUITests.release.xcconfig"; sourceTree = "<group>"; };
		7CFDB3DF3DB05066E1ABFBB7 /* Pods_FakeKKTown.framework */ = {isa = PBXFileReference; explicitFileType = wrapper.framework; includeInIndex = 0; path = Pods_FakeKKTown.framework; sourceTree = BUILT_PRODUCTS_DIR; };
		9472EC163E442AF286F7811A /* Pods-FakeKKTownTests.release.xcconfig */ = {isa = PBXFileReference; includeInIndex = 1; lastKnownFileType = text.xcconfig; name = "Pods-FakeKKTownTests.release.xcconfig"; path = "Pods/Target Support Files/Pods-FakeKKTownTests/Pods-FakeKKTownTests.release.xcconfig"; sourceTree = "<group>"; };
		A4FC2F0F102D2E505C6657BC /* Pods-FakeKKTown.debug.xcconfig */ = {isa = PBXFileReference; includeInIndex = 1; lastKnownFileType = text.xcconfig; name = "Pods-FakeKKTown.debug.xcconfig"; path = "Pods/Target Support Files/Pods-FakeKKTown/Pods-FakeKKTown.debug.xcconfig"; sourceTree = "<group>"; };
		AC2254C33A15787FCA420FB2 /* Pods-FakeKKTownUITests.debug.xcconfig */ = {isa = PBXFileReference; includeInIndex = 1; lastKnownFileType = text.xcconfig; name = "Pods-FakeKKTownUITests.debug.xcconfig"; path = "Pods/Target Support Files/Pods-FakeKKTownUITests/Pods-FakeKKTownUITests.debug.xcconfig"; sourceTree = "<group>"; };
		E10C78733FA19EC3AC4104AF /* Pods_FakeKKTownUITests.framework */ = {isa = PBXFileReference; explicitFileType = wrapper.framework; includeInIndex = 0; path = Pods_FakeKKTownUITests.framework; sourceTree = BUILT_PRODUCTS_DIR; };
		EE91EA5F38B004FACFF07CE3 /* Pods-FakeKKTown.release.xcconfig */ = {isa = PBXFileReference; includeInIndex = 1; lastKnownFileType = text.xcconfig; name = "Pods-FakeKKTown.release.xcconfig"; path = "Pods/Target Support Files/Pods-FakeKKTown/Pods-FakeKKTown.release.xcconfig"; sourceTree = "<group>"; };
/* End PBXFileReference section */

/* Begin PBXFrameworksBuildPhase section */
		18FE86621D127B60007AEF6C /* Frameworks */ = {
			isa = PBXFrameworksBuildPhase;
			buildActionMask = 2147483647;
			files = (
				541A8F11C5D6EF98E0D82535 /* Pods_FakeKKTown.framework in Frameworks */,
			);
			runOnlyForDeploymentPostprocessing = 0;
		};
		18FE86761D127B61007AEF6C /* Frameworks */ = {
			isa = PBXFrameworksBuildPhase;
			buildActionMask = 2147483647;
			files = (
				192E7F14246596AC4F87B29A /* Pods_FakeKKTownTests.framework in Frameworks */,
			);
			runOnlyForDeploymentPostprocessing = 0;
		};
		18FE86811D127B61007AEF6C /* Frameworks */ = {
			isa = PBXFrameworksBuildPhase;
			buildActionMask = 2147483647;
			files = (
				F7C05E5813F874DE01EDFCB5 /* Pods_FakeKKTownUITests.framework in Frameworks */,
			);
			runOnlyForDeploymentPostprocessing = 0;
		};
/* End PBXFrameworksBuildPhase section */

/* Begin PBXGroup section */
		18FE865C1D127B60007AEF6C = {
			isa = PBXGroup;
			children = (
				18FE86671D127B60007AEF6C /* FakeKKTown */,
				18FE867C1D127B61007AEF6C /* FakeKKTownTests */,
				18FE86871D127B61007AEF6C /* FakeKKTownUITests */,
				18FE86661D127B60007AEF6C /* Products */,
				B52B483238C092BED67561FC /* Pods */,
				523606E05A7A176388C75631 /* Frameworks */,
			);
			sourceTree = "<group>";
		};
		18FE86661D127B60007AEF6C /* Products */ = {
			isa = PBXGroup;
			children = (
				18FE86651D127B60007AEF6C /* FakeKKTown.app */,
				18FE86791D127B61007AEF6C /* FakeKKTownTests.xctest */,
				18FE86841D127B61007AEF6C /* FakeKKTownUITests.xctest */,
			);
			name = Products;
			sourceTree = "<group>";
		};
		18FE86671D127B60007AEF6C /* FakeKKTown */ = {
			isa = PBXGroup;
			children = (
				18FE86B51D128F4C007AEF6C /* Shareds */,
				18FE86AC1D127D5E007AEF6C /* Services */,
				18FE869C1D127CCB007AEF6C /* Protocols */,
				18FE869B1D127CC6007AEF6C /* Extensions */,
				18FE869A1D127CC0007AEF6C /* ViewModels */,
				18FE86991D127CB9007AEF6C /* Models */,
				18FE86981D127CAE007AEF6C /* Views */,
				18FE86971D127CA7007AEF6C /* ViewControllers */,
				18FE86961D127CA0007AEF6C /* Config */,
				18FE86681D127B60007AEF6C /* AppDelegate.swift */,
				18FE866C1D127B60007AEF6C /* Main.storyboard */,
				18FE866F1D127B60007AEF6C /* Assets.xcassets */,
				18FE86711D127B60007AEF6C /* LaunchScreen.storyboard */,
				18FE86741D127B60007AEF6C /* Info.plist */,
			);
			path = FakeKKTown;
			sourceTree = "<group>";
		};
		18FE867C1D127B61007AEF6C /* FakeKKTownTests */ = {
			isa = PBXGroup;
			children = (
				18FE867D1D127B61007AEF6C /* FakeKKTownTests.swift */,
				18FE867F1D127B61007AEF6C /* Info.plist */,
			);
			path = FakeKKTownTests;
			sourceTree = "<group>";
		};
		18FE86871D127B61007AEF6C /* FakeKKTownUITests */ = {
			isa = PBXGroup;
			children = (
				18FE86881D127B61007AEF6C /* FakeKKTownUITests.swift */,
				18FE868A1D127B61007AEF6C /* Info.plist */,
			);
			path = FakeKKTownUITests;
			sourceTree = "<group>";
		};
		18FE86961D127CA0007AEF6C /* Config */ = {
			isa = PBXGroup;
			children = (
				18FE86A61D127D11007AEF6C /* Categories.json */,
			);
			name = Config;
			sourceTree = "<group>";
		};
		18FE86971D127CA7007AEF6C /* ViewControllers */ = {
			isa = PBXGroup;
			children = (
				18FE86AA1D127D52007AEF6C /* ProductsViewController.swift */,
			);
			name = ViewControllers;
			sourceTree = "<group>";
		};
		18FE86981D127CAE007AEF6C /* Views */ = {
			isa = PBXGroup;
			children = (
				18FE86AF1D127DF4007AEF6C /* TabListItem.xib */,
				18FE86A81D127D4B007AEF6C /* TabListItem.swift */,
			);
			name = Views;
			sourceTree = "<group>";
		};
		18FE86991D127CB9007AEF6C /* Models */ = {
			isa = PBXGroup;
			children = (
				18FE86A41D127D0A007AEF6C /* Category.swift */,
			);
			name = Models;
			sourceTree = "<group>";
		};
		18FE869A1D127CC0007AEF6C /* ViewModels */ = {
			isa = PBXGroup;
			children = (
				18FE86B31D1281DB007AEF6C /* TabListViewModel.swift */,
			);
			name = ViewModels;
			sourceTree = "<group>";
		};
		18FE869B1D127CC6007AEF6C /* Extensions */ = {
			isa = PBXGroup;
			children = (
				18FE86A01D127CFA007AEF6C /* UIScrollView+Rx.swift */,
			);
			name = Extensions;
			sourceTree = "<group>";
		};
		18FE869C1D127CCB007AEF6C /* Protocols */ = {
			isa = PBXGroup;
			children = (
				18FE869E1D127CEF007AEF6C /* CollectionCellProtocol.swift */,
			);
			name = Protocols;
			sourceTree = "<group>";
		};
		18FE86AC1D127D5E007AEF6C /* Services */ = {
			isa = PBXGroup;
			children = (
				18FE86AD1D127D66007AEF6C /* CategoryService.swift */,
			);
			name = Services;
			sourceTree = "<group>";
		};
		18FE86B51D128F4C007AEF6C /* Shareds */ = {
			isa = PBXGroup;
			children = (
				18FE86B81D1291B9007AEF6C /* StandardError.swift */,
			);
			name = Shareds;
			sourceTree = "<group>";
		};
		523606E05A7A176388C75631 /* Frameworks */ = {
			isa = PBXGroup;
			children = (
				7CFDB3DF3DB05066E1ABFBB7 /* Pods_FakeKKTown.framework */,
				68B6CD7CCEBDB403E91C0222 /* Pods_FakeKKTownTests.framework */,
				E10C78733FA19EC3AC4104AF /* Pods_FakeKKTownUITests.framework */,
			);
			name = Frameworks;
			sourceTree = "<group>";
		};
		B52B483238C092BED67561FC /* Pods */ = {
			isa = PBXGroup;
			children = (
				A4FC2F0F102D2E505C6657BC /* Pods-FakeKKTown.debug.xcconfig */,
				EE91EA5F38B004FACFF07CE3 /* Pods-FakeKKTown.release.xcconfig */,
				54DF76335F62D3BEDD0634D6 /* Pods-FakeKKTownTests.debug.xcconfig */,
				9472EC163E442AF286F7811A /* Pods-FakeKKTownTests.release.xcconfig */,
				AC2254C33A15787FCA420FB2 /* Pods-FakeKKTownUITests.debug.xcconfig */,
				796BCDF519E43C373E09E195 /* Pods-FakeKKTownUITests.release.xcconfig */,
			);
			name = Pods;
			sourceTree = "<group>";
		};
/* End PBXGroup section */

/* Begin PBXNativeTarget section */
		18FE86641D127B60007AEF6C /* FakeKKTown */ = {
			isa = PBXNativeTarget;
			buildConfigurationList = 18FE868D1D127B61007AEF6C /* Build configuration list for PBXNativeTarget "FakeKKTown" */;
			buildPhases = (
				3F80476F49BBD9A112A5D034 /* [CP] Check Pods Manifest.lock */,
				18FE86611D127B60007AEF6C /* Sources */,
				18FE86621D127B60007AEF6C /* Frameworks */,
				18FE86631D127B60007AEF6C /* Resources */,
				15B3BD0C49302509B4B88C21 /* [CP] Embed Pods Frameworks */,
				F6AF12CD7617515967DBC955 /* [CP] Copy Pods Resources */,
			);
			buildRules = (
			);
			dependencies = (
			);
			name = FakeKKTown;
			productName = FakeKKTown;
			productReference = 18FE86651D127B60007AEF6C /* FakeKKTown.app */;
			productType = "com.apple.product-type.application";
		};
		18FE86781D127B61007AEF6C /* FakeKKTownTests */ = {
			isa = PBXNativeTarget;
			buildConfigurationList = 18FE86901D127B61007AEF6C /* Build configuration list for PBXNativeTarget "FakeKKTownTests" */;
			buildPhases = (
				13C446F7A132B923BEC467CB /* [CP] Check Pods Manifest.lock */,
				18FE86751D127B61007AEF6C /* Sources */,
				18FE86761D127B61007AEF6C /* Frameworks */,
				18FE86771D127B61007AEF6C /* Resources */,
				F2B839C0DC14E0E62F5FA136 /* [CP] Embed Pods Frameworks */,
				AFA6AB681F999573C5C603AE /* [CP] Copy Pods Resources */,
			);
			buildRules = (
			);
			dependencies = (
				18FE867B1D127B61007AEF6C /* PBXTargetDependency */,
			);
			name = FakeKKTownTests;
			productName = FakeKKTownTests;
			productReference = 18FE86791D127B61007AEF6C /* FakeKKTownTests.xctest */;
			productType = "com.apple.product-type.bundle.unit-test";
		};
		18FE86831D127B61007AEF6C /* FakeKKTownUITests */ = {
			isa = PBXNativeTarget;
			buildConfigurationList = 18FE86931D127B61007AEF6C /* Build configuration list for PBXNativeTarget "FakeKKTownUITests" */;
			buildPhases = (
				011333458328E067AB5925AD /* [CP] Check Pods Manifest.lock */,
				18FE86801D127B61007AEF6C /* Sources */,
				18FE86811D127B61007AEF6C /* Frameworks */,
				18FE86821D127B61007AEF6C /* Resources */,
				D9CABCE3144F0396949A1BA2 /* [CP] Embed Pods Frameworks */,
				6455D732D39CC42FF6401D56 /* [CP] Copy Pods Resources */,
			);
			buildRules = (
			);
			dependencies = (
				18FE86861D127B61007AEF6C /* PBXTargetDependency */,
			);
			name = FakeKKTownUITests;
			productName = FakeKKTownUITests;
			productReference = 18FE86841D127B61007AEF6C /* FakeKKTownUITests.xctest */;
			productType = "com.apple.product-type.bundle.ui-testing";
		};
/* End PBXNativeTarget section */

/* Begin PBXProject section */
		18FE865D1D127B60007AEF6C /* Project object */ = {
			isa = PBXProject;
			attributes = {
				LastSwiftUpdateCheck = 0730;
				LastUpgradeCheck = 0800;
				ORGANIZATIONNAME = CapsLock;
				TargetAttributes = {
					18FE86641D127B60007AEF6C = {
						CreatedOnToolsVersion = 7.3.1;
						DevelopmentTeam = ZT2WJ442QP;
						LastSwiftMigration = 0800;
					};
					18FE86781D127B61007AEF6C = {
						CreatedOnToolsVersion = 7.3.1;
						LastSwiftMigration = 0800;
						TestTargetID = 18FE86641D127B60007AEF6C;
					};
					18FE86831D127B61007AEF6C = {
						CreatedOnToolsVersion = 7.3.1;
						LastSwiftMigration = 0800;
						TestTargetID = 18FE86641D127B60007AEF6C;
					};
				};
			};
			buildConfigurationList = 18FE86601D127B60007AEF6C /* Build configuration list for PBXProject "FakeKKTown" */;
			compatibilityVersion = "Xcode 3.2";
			developmentRegion = English;
			hasScannedForEncodings = 0;
			knownRegions = (
				en,
				Base,
			);
			mainGroup = 18FE865C1D127B60007AEF6C;
			productRefGroup = 18FE86661D127B60007AEF6C /* Products */;
			projectDirPath = "";
			projectRoot = "";
			targets = (
				18FE86641D127B60007AEF6C /* FakeKKTown */,
				18FE86781D127B61007AEF6C /* FakeKKTownTests */,
				18FE86831D127B61007AEF6C /* FakeKKTownUITests */,
			);
		};
/* End PBXProject section */

/* Begin PBXResourcesBuildPhase section */
		18FE86631D127B60007AEF6C /* Resources */ = {
			isa = PBXResourcesBuildPhase;
			buildActionMask = 2147483647;
			files = (
				18FE86B01D127DF4007AEF6C /* TabListItem.xib in Resources */,
				18FE86731D127B60007AEF6C /* LaunchScreen.storyboard in Resources */,
				18FE86A71D127D11007AEF6C /* Categories.json in Resources */,
				18FE86701D127B60007AEF6C /* Assets.xcassets in Resources */,
				18FE866E1D127B60007AEF6C /* Main.storyboard in Resources */,
			);
			runOnlyForDeploymentPostprocessing = 0;
		};
		18FE86771D127B61007AEF6C /* Resources */ = {
			isa = PBXResourcesBuildPhase;
			buildActionMask = 2147483647;
			files = (
			);
			runOnlyForDeploymentPostprocessing = 0;
		};
		18FE86821D127B61007AEF6C /* Resources */ = {
			isa = PBXResourcesBuildPhase;
			buildActionMask = 2147483647;
			files = (
			);
			runOnlyForDeploymentPostprocessing = 0;
		};
/* End PBXResourcesBuildPhase section */

/* Begin PBXShellScriptBuildPhase section */
		011333458328E067AB5925AD /* [CP] Check Pods Manifest.lock */ = {
			isa = PBXShellScriptBuildPhase;
			buildActionMask = 2147483647;
			files = (
			);
			inputPaths = (
			);
			name = "[CP] Check Pods Manifest.lock";
			outputPaths = (
			);
			runOnlyForDeploymentPostprocessing = 0;
			shellPath = /bin/sh;
			shellScript = "diff \"${PODS_ROOT}/../Podfile.lock\" \"${PODS_ROOT}/Manifest.lock\" > /dev/null\nif [ $? != 0 ] ; then\n    # print error to STDERR\n    echo \"error: The sandbox is not in sync with the Podfile.lock. Run 'pod install' or update your CocoaPods installation.\" >&2\n    exit 1\nfi\n";
			showEnvVarsInLog = 0;
		};
		13C446F7A132B923BEC467CB /* [CP] Check Pods Manifest.lock */ = {
			isa = PBXShellScriptBuildPhase;
			buildActionMask = 2147483647;
			files = (
			);
			inputPaths = (
			);
			name = "[CP] Check Pods Manifest.lock";
			outputPaths = (
			);
			runOnlyForDeploymentPostprocessing = 0;
			shellPath = /bin/sh;
			shellScript = "diff \"${PODS_ROOT}/../Podfile.lock\" \"${PODS_ROOT}/Manifest.lock\" > /dev/null\nif [ $? != 0 ] ; then\n    # print error to STDERR\n    echo \"error: The sandbox is not in sync with the Podfile.lock. Run 'pod install' or update your CocoaPods installation.\" >&2\n    exit 1\nfi\n";
			showEnvVarsInLog = 0;
		};
		15B3BD0C49302509B4B88C21 /* [CP] Embed Pods Frameworks */ = {
			isa = PBXShellScriptBuildPhase;
			buildActionMask = 2147483647;
			files = (
			);
			inputPaths = (
			);
			name = "[CP] Embed Pods Frameworks";
			outputPaths = (
			);
			runOnlyForDeploymentPostprocessing = 0;
			shellPath = /bin/sh;
			shellScript = "\"${SRCROOT}/Pods/Target Support Files/Pods-FakeKKTown/Pods-FakeKKTown-frameworks.sh\"\n";
			showEnvVarsInLog = 0;
		};
		3F80476F49BBD9A112A5D034 /* [CP] Check Pods Manifest.lock */ = {
			isa = PBXShellScriptBuildPhase;
			buildActionMask = 2147483647;
			files = (
			);
			inputPaths = (
			);
			name = "[CP] Check Pods Manifest.lock";
			outputPaths = (
			);
			runOnlyForDeploymentPostprocessing = 0;
			shellPath = /bin/sh;
			shellScript = "diff \"${PODS_ROOT}/../Podfile.lock\" \"${PODS_ROOT}/Manifest.lock\" > /dev/null\nif [ $? != 0 ] ; then\n    # print error to STDERR\n    echo \"error: The sandbox is not in sync with the Podfile.lock. Run 'pod install' or update your CocoaPods installation.\" >&2\n    exit 1\nfi\n";
			showEnvVarsInLog = 0;
		};
		6455D732D39CC42FF6401D56 /* [CP] Copy Pods Resources */ = {
			isa = PBXShellScriptBuildPhase;
			buildActionMask = 2147483647;
			files = (
			);
			inputPaths = (
			);
			name = "[CP] Copy Pods Resources";
			outputPaths = (
			);
			runOnlyForDeploymentPostprocessing = 0;
			shellPath = /bin/sh;
			shellScript = "\"${SRCROOT}/Pods/Target Support Files/Pods-FakeKKTownUITests/Pods-FakeKKTownUITests-resources.sh\"\n";
			showEnvVarsInLog = 0;
		};
		AFA6AB681F999573C5C603AE /* [CP] Copy Pods Resources */ = {
			isa = PBXShellScriptBuildPhase;
			buildActionMask = 2147483647;
			files = (
			);
			inputPaths = (
			);
			name = "[CP] Copy Pods Resources";
			outputPaths = (
			);
			runOnlyForDeploymentPostprocessing = 0;
			shellPath = /bin/sh;
			shellScript = "\"${SRCROOT}/Pods/Target Support Files/Pods-FakeKKTownTests/Pods-FakeKKTownTests-resources.sh\"\n";
			showEnvVarsInLog = 0;
		};
		D9CABCE3144F0396949A1BA2 /* [CP] Embed Pods Frameworks */ = {
			isa = PBXShellScriptBuildPhase;
			buildActionMask = 2147483647;
			files = (
			);
			inputPaths = (
			);
			name = "[CP] Embed Pods Frameworks";
			outputPaths = (
			);
			runOnlyForDeploymentPostprocessing = 0;
			shellPath = /bin/sh;
			shellScript = "\"${SRCROOT}/Pods/Target Support Files/Pods-FakeKKTownUITests/Pods-FakeKKTownUITests-frameworks.sh\"\n";
			showEnvVarsInLog = 0;
		};
		F2B839C0DC14E0E62F5FA136 /* [CP] Embed Pods Frameworks */ = {
			isa = PBXShellScriptBuildPhase;
			buildActionMask = 2147483647;
			files = (
			);
			inputPaths = (
			);
			name = "[CP] Embed Pods Frameworks";
			outputPaths = (
			);
			runOnlyForDeploymentPostprocessing = 0;
			shellPath = /bin/sh;
			shellScript = "\"${SRCROOT}/Pods/Target Support Files/Pods-FakeKKTownTests/Pods-FakeKKTownTests-frameworks.sh\"\n";
			showEnvVarsInLog = 0;
		};
		F6AF12CD7617515967DBC955 /* [CP] Copy Pods Resources */ = {
			isa = PBXShellScriptBuildPhase;
			buildActionMask = 2147483647;
			files = (
			);
			inputPaths = (
			);
			name = "[CP] Copy Pods Resources";
			outputPaths = (
			);
			runOnlyForDeploymentPostprocessing = 0;
			shellPath = /bin/sh;
			shellScript = "\"${SRCROOT}/Pods/Target Support Files/Pods-FakeKKTown/Pods-FakeKKTown-resources.sh\"\n";
			showEnvVarsInLog = 0;
		};
/* End PBXShellScriptBuildPhase section */

/* Begin PBXSourcesBuildPhase section */
		18FE86611D127B60007AEF6C /* Sources */ = {
			isa = PBXSourcesBuildPhase;
			buildActionMask = 2147483647;
			files = (
				18FE86B91D1291B9007AEF6C /* StandardError.swift in Sources */,
				18FE86A51D127D0A007AEF6C /* Category.swift in Sources */,
				18FE86AB1D127D52007AEF6C /* ProductsViewController.swift in Sources */,
				18FE86691D127B60007AEF6C /* AppDelegate.swift in Sources */,
				18FE86A11D127CFA007AEF6C /* UIScrollView+Rx.swift in Sources */,
				18FE86B41D1281DB007AEF6C /* TabListViewModel.swift in Sources */,
				18FE86A91D127D4B007AEF6C /* TabListItem.swift in Sources */,
				18FE869F1D127CEF007AEF6C /* CollectionCellProtocol.swift in Sources */,
				18FE86AE1D127D66007AEF6C /* CategoryService.swift in Sources */,
			);
			runOnlyForDeploymentPostprocessing = 0;
		};
		18FE86751D127B61007AEF6C /* Sources */ = {
			isa = PBXSourcesBuildPhase;
			buildActionMask = 2147483647;
			files = (
				18FE867E1D127B61007AEF6C /* FakeKKTownTests.swift in Sources */,
			);
			runOnlyForDeploymentPostprocessing = 0;
		};
		18FE86801D127B61007AEF6C /* Sources */ = {
			isa = PBXSourcesBuildPhase;
			buildActionMask = 2147483647;
			files = (
				18FE86891D127B61007AEF6C /* FakeKKTownUITests.swift in Sources */,
			);
			runOnlyForDeploymentPostprocessing = 0;
		};
/* End PBXSourcesBuildPhase section */

/* Begin PBXTargetDependency section */
		18FE867B1D127B61007AEF6C /* PBXTargetDependency */ = {
			isa = PBXTargetDependency;
			target = 18FE86641D127B60007AEF6C /* FakeKKTown */;
			targetProxy = 18FE867A1D127B61007AEF6C /* PBXContainerItemProxy */;
		};
		18FE86861D127B61007AEF6C /* PBXTargetDependency */ = {
			isa = PBXTargetDependency;
			target = 18FE86641D127B60007AEF6C /* FakeKKTown */;
			targetProxy = 18FE86851D127B61007AEF6C /* PBXContainerItemProxy */;
		};
/* End PBXTargetDependency section */

/* Begin PBXVariantGroup section */
		18FE866C1D127B60007AEF6C /* Main.storyboard */ = {
			isa = PBXVariantGroup;
			children = (
				18FE866D1D127B60007AEF6C /* Base */,
			);
			name = Main.storyboard;
			sourceTree = "<group>";
		};
		18FE86711D127B60007AEF6C /* LaunchScreen.storyboard */ = {
			isa = PBXVariantGroup;
			children = (
				18FE86721D127B60007AEF6C /* Base */,
			);
			name = LaunchScreen.storyboard;
			sourceTree = "<group>";
		};
/* End PBXVariantGroup section */

/* Begin XCBuildConfiguration section */
		18FE868B1D127B61007AEF6C /* Debug */ = {
			isa = XCBuildConfiguration;
			buildSettings = {
				ALWAYS_SEARCH_USER_PATHS = NO;
				CLANG_ANALYZER_NONNULL = YES;
				CLANG_CXX_LANGUAGE_STANDARD = "gnu++0x";
				CLANG_CXX_LIBRARY = "libc++";
				CLANG_ENABLE_MODULES = YES;
				CLANG_ENABLE_OBJC_ARC = YES;
				CLANG_WARN_BOOL_CONVERSION = YES;
				CLANG_WARN_CONSTANT_CONVERSION = YES;
				CLANG_WARN_DIRECT_OBJC_ISA_USAGE = YES_ERROR;
				CLANG_WARN_EMPTY_BODY = YES;
				CLANG_WARN_ENUM_CONVERSION = YES;
				CLANG_WARN_INFINITE_RECURSION = YES;
				CLANG_WARN_INT_CONVERSION = YES;
				CLANG_WARN_OBJC_ROOT_CLASS = YES_ERROR;
				CLANG_WARN_SUSPICIOUS_MOVE = YES;
				CLANG_WARN_UNREACHABLE_CODE = YES;
				CLANG_WARN__DUPLICATE_METHOD_MATCH = YES;
				"CODE_SIGN_IDENTITY[sdk=iphoneos*]" = "iPhone Developer";
				COPY_PHASE_STRIP = NO;
				DEBUG_INFORMATION_FORMAT = dwarf;
				ENABLE_STRICT_OBJC_MSGSEND = YES;
				ENABLE_TESTABILITY = YES;
				GCC_C_LANGUAGE_STANDARD = gnu99;
				GCC_DYNAMIC_NO_PIC = NO;
				GCC_NO_COMMON_BLOCKS = YES;
				GCC_OPTIMIZATION_LEVEL = 0;
				GCC_PREPROCESSOR_DEFINITIONS = (
					"DEBUG=1",
					"$(inherited)",
				);
				GCC_WARN_64_TO_32_BIT_CONVERSION = YES;
				GCC_WARN_ABOUT_RETURN_TYPE = YES_ERROR;
				GCC_WARN_UNDECLARED_SELECTOR = YES;
				GCC_WARN_UNINITIALIZED_AUTOS = YES_AGGRESSIVE;
				GCC_WARN_UNUSED_FUNCTION = YES;
				GCC_WARN_UNUSED_VARIABLE = YES;
				IPHONEOS_DEPLOYMENT_TARGET = 9.3;
				MTL_ENABLE_DEBUG_INFO = YES;
				ONLY_ACTIVE_ARCH = YES;
				SDKROOT = iphoneos;
				SWIFT_OPTIMIZATION_LEVEL = "-Onone";
			};
			name = Debug;
		};
		18FE868C1D127B61007AEF6C /* Release */ = {
			isa = XCBuildConfiguration;
			buildSettings = {
				ALWAYS_SEARCH_USER_PATHS = NO;
				CLANG_ANALYZER_NONNULL = YES;
				CLANG_CXX_LANGUAGE_STANDARD = "gnu++0x";
				CLANG_CXX_LIBRARY = "libc++";
				CLANG_ENABLE_MODULES = YES;
				CLANG_ENABLE_OBJC_ARC = YES;
				CLANG_WARN_BOOL_CONVERSION = YES;
				CLANG_WARN_CONSTANT_CONVERSION = YES;
				CLANG_WARN_DIRECT_OBJC_ISA_USAGE = YES_ERROR;
				CLANG_WARN_EMPTY_BODY = YES;
				CLANG_WARN_ENUM_CONVERSION = YES;
				CLANG_WARN_INFINITE_RECURSION = YES;
				CLANG_WARN_INT_CONVERSION = YES;
				CLANG_WARN_OBJC_ROOT_CLASS = YES_ERROR;
				CLANG_WARN_SUSPICIOUS_MOVE = YES;
				CLANG_WARN_UNREACHABLE_CODE = YES;
				CLANG_WARN__DUPLICATE_METHOD_MATCH = YES;
				"CODE_SIGN_IDENTITY[sdk=iphoneos*]" = "iPhone Developer";
				COPY_PHASE_STRIP = NO;
				DEBUG_INFORMATION_FORMAT = "dwarf-with-dsym";
				ENABLE_NS_ASSERTIONS = NO;
				ENABLE_STRICT_OBJC_MSGSEND = YES;
				GCC_C_LANGUAGE_STANDARD = gnu99;
				GCC_NO_COMMON_BLOCKS = YES;
				GCC_WARN_64_TO_32_BIT_CONVERSION = YES;
				GCC_WARN_ABOUT_RETURN_TYPE = YES_ERROR;
				GCC_WARN_UNDECLARED_SELECTOR = YES;
				GCC_WARN_UNINITIALIZED_AUTOS = YES_AGGRESSIVE;
				GCC_WARN_UNUSED_FUNCTION = YES;
				GCC_WARN_UNUSED_VARIABLE = YES;
				IPHONEOS_DEPLOYMENT_TARGET = 9.3;
				MTL_ENABLE_DEBUG_INFO = NO;
				SDKROOT = iphoneos;
				SWIFT_OPTIMIZATION_LEVEL = "-Owholemodule";
				VALIDATE_PRODUCT = YES;
			};
			name = Release;
		};
		18FE868E1D127B61007AEF6C /* Debug */ = {
			isa = XCBuildConfiguration;
			baseConfigurationReference = A4FC2F0F102D2E505C6657BC /* Pods-FakeKKTown.debug.xcconfig */;
			buildSettings = {
				ALWAYS_EMBED_SWIFT_STANDARD_LIBRARIES = YES;
				ASSETCATALOG_COMPILER_APPICON_NAME = AppIcon;
				DEVELOPMENT_TEAM = ZT2WJ442QP;
				INFOPLIST_FILE = FakeKKTown/Info.plist;
				LD_RUNPATH_SEARCH_PATHS = "$(inherited) @executable_path/Frameworks";
				PRODUCT_BUNDLE_IDENTIFIER = org.capslock.FakeKKTown;
				PRODUCT_NAME = "$(TARGET_NAME)";
				SWIFT_VERSION = 3.0;
			};
			name = Debug;
		};
		18FE868F1D127B61007AEF6C /* Release */ = {
			isa = XCBuildConfiguration;
			baseConfigurationReference = EE91EA5F38B004FACFF07CE3 /* Pods-FakeKKTown.release.xcconfig */;
			buildSettings = {
				ALWAYS_EMBED_SWIFT_STANDARD_LIBRARIES = YES;
				ASSETCATALOG_COMPILER_APPICON_NAME = AppIcon;
				DEVELOPMENT_TEAM = ZT2WJ442QP;
				INFOPLIST_FILE = FakeKKTown/Info.plist;
				LD_RUNPATH_SEARCH_PATHS = "$(inherited) @executable_path/Frameworks";
				PRODUCT_BUNDLE_IDENTIFIER = org.capslock.FakeKKTown;
				PRODUCT_NAME = "$(TARGET_NAME)";
				SWIFT_VERSION = 3.0;
			};
			name = Release;
		};
		18FE86911D127B61007AEF6C /* Debug */ = {
			isa = XCBuildConfiguration;
			baseConfigurationReference = 54DF76335F62D3BEDD0634D6 /* Pods-FakeKKTownTests.debug.xcconfig */;
			buildSettings = {
				BUNDLE_LOADER = "$(TEST_HOST)";
				INFOPLIST_FILE = FakeKKTownTests/Info.plist;
				LD_RUNPATH_SEARCH_PATHS = "$(inherited) @executable_path/Frameworks @loader_path/Frameworks";
				PRODUCT_BUNDLE_IDENTIFIER = com.capslock.FakeKKTownTests;
				PRODUCT_NAME = "$(TARGET_NAME)";
				SWIFT_VERSION = 3.0;
				TEST_HOST = "$(BUILT_PRODUCTS_DIR)/FakeKKTown.app/FakeKKTown";
			};
			name = Debug;
		};
		18FE86921D127B61007AEF6C /* Release */ = {
			isa = XCBuildConfiguration;
			baseConfigurationReference = 9472EC163E442AF286F7811A /* Pods-FakeKKTownTests.release.xcconfig */;
			buildSettings = {
				BUNDLE_LOADER = "$(TEST_HOST)";
				INFOPLIST_FILE = FakeKKTownTests/Info.plist;
				LD_RUNPATH_SEARCH_PATHS = "$(inherited) @executable_path/Frameworks @loader_path/Frameworks";
				PRODUCT_BUNDLE_IDENTIFIER = com.capslock.FakeKKTownTests;
				PRODUCT_NAME = "$(TARGET_NAME)";
				SWIFT_VERSION = 3.0;
				TEST_HOST = "$(BUILT_PRODUCTS_DIR)/FakeKKTown.app/FakeKKTown";
			};
			name = Release;
		};
		18FE86941D127B61007AEF6C /* Debug */ = {
			isa = XCBuildConfiguration;
			baseConfigurationReference = AC2254C33A15787FCA420FB2 /* Pods-FakeKKTownUITests.debug.xcconfig */;
			buildSettings = {
				INFOPLIST_FILE = FakeKKTownUITests/Info.plist;
				LD_RUNPATH_SEARCH_PATHS = "$(inherited) @executable_path/Frameworks @loader_path/Frameworks";
				PRODUCT_BUNDLE_IDENTIFIER = com.capslock.FakeKKTownUITests;
				PRODUCT_NAME = "$(TARGET_NAME)";
				SWIFT_VERSION = 3.0;
				TEST_TARGET_NAME = FakeKKTown;
			};
			name = Debug;
		};
		18FE86951D127B61007AEF6C /* Release */ = {
			isa = XCBuildConfiguration;
			baseConfigurationReference = 796BCDF519E43C373E09E195 /* Pods-FakeKKTownUITests.release.xcconfig */;
			buildSettings = {
				INFOPLIST_FILE = FakeKKTownUITests/Info.plist;
				LD_RUNPATH_SEARCH_PATHS = "$(inherited) @executable_path/Frameworks @loader_path/Frameworks";
				PRODUCT_BUNDLE_IDENTIFIER = com.capslock.FakeKKTownUITests;
				PRODUCT_NAME = "$(TARGET_NAME)";
				SWIFT_VERSION = 3.0;
				TEST_TARGET_NAME = FakeKKTown;
			};
			name = Release;
		};
/* End XCBuildConfiguration section */

/* Begin XCConfigurationList section */
		18FE86601D127B60007AEF6C /* Build configuration list for PBXProject "FakeKKTown" */ = {
			isa = XCConfigurationList;
			buildConfigurations = (
				18FE868B1D127B61007AEF6C /* Debug */,
				18FE868C1D127B61007AEF6C /* Release */,
			);
			defaultConfigurationIsVisible = 0;
			defaultConfigurationName = Release;
		};
		18FE868D1D127B61007AEF6C /* Build configuration list for PBXNativeTarget "FakeKKTown" */ = {
			isa = XCConfigurationList;
			buildConfigurations = (
				18FE868E1D127B61007AEF6C /* Debug */,
				18FE868F1D127B61007AEF6C /* Release */,
			);
			defaultConfigurationIsVisible = 0;
			defaultConfigurationName = Release;
		};
		18FE86901D127B61007AEF6C /* Build configuration list for PBXNativeTarget "FakeKKTownTests" */ = {
			isa = XCConfigurationList;
			buildConfigurations = (
				18FE86911D127B61007AEF6C /* Debug */,
				18FE86921D127B61007AEF6C /* Release */,
			);
			defaultConfigurationIsVisible = 0;
			defaultConfigurationName = Release;
		};
		18FE86931D127B61007AEF6C /* Build configuration list for PBXNativeTarget "FakeKKTownUITests" */ = {
			isa = XCConfigurationList;
			buildConfigurations = (
				18FE86941D127B61007AEF6C /* Debug */,
				18FE86951D127B61007AEF6C /* Release */,
			);
			defaultConfigurationIsVisible = 0;
			defaultConfigurationName = Release;
		};
/* End XCConfigurationList section */
	};
	rootObject = 18FE865D1D127B60007AEF6C /* Project object */;
}
